// !$*UTF8*$!
{
	archiveVersion = 1;
	classes = {
	};
	objectVersion = 48;
	objects = {

/* Begin PBXBuildFile section */
		4BAD2B33CAFD0991D95AD315 /* Pods_DiberCourierTests.framework in Frameworks */ = {isa = PBXBuildFile; fileRef = 1DD8029E31BD423249DE7B22 /* Pods_DiberCourierTests.framework */; };
		6C10EFC69857044384D3C6DF /* Pods_DiberCourierUITests.framework in Frameworks */ = {isa = PBXBuildFile; fileRef = 84974AB7D832F16CDD605436 /* Pods_DiberCourierUITests.framework */; };
		A31D0D261FCAC46C000D37F1 /* Order.storyboard in Resources */ = {isa = PBXBuildFile; fileRef = A31D0D251FCAC46C000D37F1 /* Order.storyboard */; };
		A31D0D2A1FCACA85000D37F1 /* UINavigationController.swift in Sources */ = {isa = PBXBuildFile; fileRef = A31D0D291FCACA85000D37F1 /* UINavigationController.swift */; };
		A31D0D2D1FCB4740000D37F1 /* Request.swift in Sources */ = {isa = PBXBuildFile; fileRef = A31D0D2C1FCB4740000D37F1 /* Request.swift */; };
		A31F9DE31FB1A340008CD08A /* OrdersVC.swift in Sources */ = {isa = PBXBuildFile; fileRef = A31F9DE21FB1A340008CD08A /* OrdersVC.swift */; };
		A31F9DE51FB1A35C008CD08A /* OrdersTableVC.swift in Sources */ = {isa = PBXBuildFile; fileRef = A31F9DE41FB1A35C008CD08A /* OrdersTableVC.swift */; };
		A31F9DE81FB1A387008CD08A /* OrderCell.swift in Sources */ = {isa = PBXBuildFile; fileRef = A31F9DE71FB1A387008CD08A /* OrderCell.swift */; };
		A31F9DEA1FB1A3A4008CD08A /* OrderView.swift in Sources */ = {isa = PBXBuildFile; fileRef = A31F9DE91FB1A3A4008CD08A /* OrderView.swift */; };
		A31F9DEC1FB1A3C8008CD08A /* Address.swift in Sources */ = {isa = PBXBuildFile; fileRef = A31F9DEB1FB1A3C8008CD08A /* Address.swift */; };
		A31F9DEE1FB1A3E2008CD08A /* AddressView.swift in Sources */ = {isa = PBXBuildFile; fileRef = A31F9DED1FB1A3E2008CD08A /* AddressView.swift */; };
		A31F9DF01FB1A416008CD08A /* DataManager.swift in Sources */ = {isa = PBXBuildFile; fileRef = A31F9DEF1FB1A416008CD08A /* DataManager.swift */; };
		A31F9DF21FB1A446008CD08A /* Order.swift in Sources */ = {isa = PBXBuildFile; fileRef = A31F9DF11FB1A446008CD08A /* Order.swift */; };
		A31F9DF41FB1A5E5008CD08A /* OrderService.swift in Sources */ = {isa = PBXBuildFile; fileRef = A31F9DF31FB1A5E5008CD08A /* OrderService.swift */; };
		A31F9DF61FB1A60F008CD08A /* OrderEndpoint.swift in Sources */ = {isa = PBXBuildFile; fileRef = A31F9DF51FB1A60F008CD08A /* OrderEndpoint.swift */; };
		A31F9DF81FB1AC4B008CD08A /* Orders.storyboard in Resources */ = {isa = PBXBuildFile; fileRef = A31F9DF71FB1AC4B008CD08A /* Orders.storyboard */; };
		A324C6EC1FAF7A7600E0A02D /* AppDelegate.swift in Sources */ = {isa = PBXBuildFile; fileRef = A324C6EB1FAF7A7600E0A02D /* AppDelegate.swift */; };
		A324C6F51FAF7A7600E0A02D /* Main.storyboard in Resources */ = {isa = PBXBuildFile; fileRef = A324C6F31FAF7A7600E0A02D /* Main.storyboard */; };
		A324C6F71FAF7A7600E0A02D /* Assets.xcassets in Resources */ = {isa = PBXBuildFile; fileRef = A324C6F61FAF7A7600E0A02D /* Assets.xcassets */; };
		A324C6FA1FAF7A7600E0A02D /* LaunchScreen.storyboard in Resources */ = {isa = PBXBuildFile; fileRef = A324C6F81FAF7A7600E0A02D /* LaunchScreen.storyboard */; };
		A324C7051FAF7A7600E0A02D /* DiberCourierTests.swift in Sources */ = {isa = PBXBuildFile; fileRef = A324C7041FAF7A7600E0A02D /* DiberCourierTests.swift */; };
		A324C7101FAF7A7600E0A02D /* DiberCourierUITests.swift in Sources */ = {isa = PBXBuildFile; fileRef = A324C70F1FAF7A7600E0A02D /* DiberCourierUITests.swift */; };
		A33AE34C1FB0734E00180661 /* Localizable.strings in Resources */ = {isa = PBXBuildFile; fileRef = A33AE34E1FB0734E00180661 /* Localizable.strings */; };
		A33AE3531FB082FA00180661 /* MainNavigationVC.swift in Sources */ = {isa = PBXBuildFile; fileRef = A33AE3521FB082FA00180661 /* MainNavigationVC.swift */; };
		A33AE3551FB0835900180661 /* Login.storyboard in Resources */ = {isa = PBXBuildFile; fileRef = A33AE3541FB0835900180661 /* Login.storyboard */; };
		A39A2C681FD467980014BD46 /* OrderRequestView.swift in Sources */ = {isa = PBXBuildFile; fileRef = A39A2C671FD467980014BD46 /* OrderRequestView.swift */; };
		A39A2C6B1FD469740014BD46 /* OrderDetailView.swift in Sources */ = {isa = PBXBuildFile; fileRef = A39A2C6A1FD469740014BD46 /* OrderDetailView.swift */; };
		A39A2C6D1FD4698F0014BD46 /* OrderPriceView.swift in Sources */ = {isa = PBXBuildFile; fileRef = A39A2C6C1FD4698F0014BD46 /* OrderPriceView.swift */; };
		A3A999A81FB086C800D63B35 /* LogManager.swift in Sources */ = {isa = PBXBuildFile; fileRef = A3A999A71FB086C800D63B35 /* LogManager.swift */; };
		A3A999AA1FB0871A00D63B35 /* PreferenceManager.swift in Sources */ = {isa = PBXBuildFile; fileRef = A3A999A91FB0871A00D63B35 /* PreferenceManager.swift */; };
		A3A999AC1FB0877100D63B35 /* NetworkManager.swift in Sources */ = {isa = PBXBuildFile; fileRef = A3A999AB1FB0877100D63B35 /* NetworkManager.swift */; };
		A3A999AE1FB0878800D63B35 /* OAuth2Handler.swift in Sources */ = {isa = PBXBuildFile; fileRef = A3A999AD1FB0878800D63B35 /* OAuth2Handler.swift */; };
		A3A999B01FB0960A00D63B35 /* Constants.swift in Sources */ = {isa = PBXBuildFile; fileRef = A3A999AF1FB0960A00D63B35 /* Constants.swift */; };
		A3A999B21FB0967B00D63B35 /* Endpoint.swift in Sources */ = {isa = PBXBuildFile; fileRef = A3A999B11FB0967B00D63B35 /* Endpoint.swift */; };
		A3A999B41FB0969B00D63B35 /* BaseEndpoint.swift in Sources */ = {isa = PBXBuildFile; fileRef = A3A999B31FB0969B00D63B35 /* BaseEndpoint.swift */; };
		A3A999B61FB096B700D63B35 /* AuthEndpoint.swift in Sources */ = {isa = PBXBuildFile; fileRef = A3A999B51FB096B700D63B35 /* AuthEndpoint.swift */; };
		A3A999B81FB096DE00D63B35 /* AuthService.swift in Sources */ = {isa = PBXBuildFile; fileRef = A3A999B71FB096DE00D63B35 /* AuthService.swift */; };
		A3A999BA1FB0970D00D63B35 /* AlertControllerHelper.swift in Sources */ = {isa = PBXBuildFile; fileRef = A3A999B91FB0970D00D63B35 /* AlertControllerHelper.swift */; };
		A3A999BC1FB0972400D63B35 /* Realm.swift in Sources */ = {isa = PBXBuildFile; fileRef = A3A999BB1FB0972400D63B35 /* Realm.swift */; };
		A3A999BE1FB0974100D63B35 /* WeakTimer.swift in Sources */ = {isa = PBXBuildFile; fileRef = A3A999BD1FB0974100D63B35 /* WeakTimer.swift */; };
		A3A999C01FB0976800D63B35 /* User.swift in Sources */ = {isa = PBXBuildFile; fileRef = A3A999BF1FB0976800D63B35 /* User.swift */; };
		A3A999C21FB0977700D63B35 /* Role.swift in Sources */ = {isa = PBXBuildFile; fileRef = A3A999C11FB0977700D63B35 /* Role.swift */; };
		A3A999C51FB0979500D63B35 /* RealmObject.swift in Sources */ = {isa = PBXBuildFile; fileRef = A3A999C41FB0979500D63B35 /* RealmObject.swift */; };
		A3A999C71FB097F800D63B35 /* LoginVC.swift in Sources */ = {isa = PBXBuildFile; fileRef = A3A999C61FB097F800D63B35 /* LoginVC.swift */; };
		A3A999C91FB09A4000D63B35 /* String.swift in Sources */ = {isa = PBXBuildFile; fileRef = A3A999C81FB09A4000D63B35 /* String.swift */; };
		A3A999CB1FB09A6300D63B35 /* UserService.swift in Sources */ = {isa = PBXBuildFile; fileRef = A3A999CA1FB09A6300D63B35 /* UserService.swift */; };
		A3C491BA1FB23E9F005574E7 /* OrderDetailVC.swift in Sources */ = {isa = PBXBuildFile; fileRef = A3C491B91FB23E9F005574E7 /* OrderDetailVC.swift */; };
		E3E083162559C0944F5BA3A9 /* Pods_DiberCourier.framework in Frameworks */ = {isa = PBXBuildFile; fileRef = 22BB98A140006C42A4467F76 /* Pods_DiberCourier.framework */; };
/* End PBXBuildFile section */

/* Begin PBXContainerItemProxy section */
		A324C7011FAF7A7600E0A02D /* PBXContainerItemProxy */ = {
			isa = PBXContainerItemProxy;
			containerPortal = A324C6E01FAF7A7600E0A02D /* Project object */;
			proxyType = 1;
			remoteGlobalIDString = A324C6E71FAF7A7600E0A02D;
			remoteInfo = DiberCourier;
		};
		A324C70C1FAF7A7600E0A02D /* PBXContainerItemProxy */ = {
			isa = PBXContainerItemProxy;
			containerPortal = A324C6E01FAF7A7600E0A02D /* Project object */;
			proxyType = 1;
			remoteGlobalIDString = A324C6E71FAF7A7600E0A02D;
			remoteInfo = DiberCourier;
		};
/* End PBXContainerItemProxy section */

/* Begin PBXFileReference section */
		0C165853BC27692EC68FB165 /* Pods-DiberCourier.debug.xcconfig */ = {isa = PBXFileReference; includeInIndex = 1; lastKnownFileType = text.xcconfig; name = "Pods-DiberCourier.debug.xcconfig"; path = "Pods/Target Support Files/Pods-DiberCourier/Pods-DiberCourier.debug.xcconfig"; sourceTree = "<group>"; };
		1DD8029E31BD423249DE7B22 /* Pods_DiberCourierTests.framework */ = {isa = PBXFileReference; explicitFileType = wrapper.framework; includeInIndex = 0; path = Pods_DiberCourierTests.framework; sourceTree = BUILT_PRODUCTS_DIR; };
		22BB98A140006C42A4467F76 /* Pods_DiberCourier.framework */ = {isa = PBXFileReference; explicitFileType = wrapper.framework; includeInIndex = 0; path = Pods_DiberCourier.framework; sourceTree = BUILT_PRODUCTS_DIR; };
		4118556A2229F73056D75BAF /* Pods-DiberCourierTests.release.xcconfig */ = {isa = PBXFileReference; includeInIndex = 1; lastKnownFileType = text.xcconfig; name = "Pods-DiberCourierTests.release.xcconfig"; path = "Pods/Target Support Files/Pods-DiberCourierTests/Pods-DiberCourierTests.release.xcconfig"; sourceTree = "<group>"; };
		663239832AEFF3FC4F32909B /* Pods-DiberCourier.release.xcconfig */ = {isa = PBXFileReference; includeInIndex = 1; lastKnownFileType = text.xcconfig; name = "Pods-DiberCourier.release.xcconfig"; path = "Pods/Target Support Files/Pods-DiberCourier/Pods-DiberCourier.release.xcconfig"; sourceTree = "<group>"; };
		70982E64E82C5378C079FA27 /* Pods-DiberCourierUITests.debug.xcconfig */ = {isa = PBXFileReference; includeInIndex = 1; lastKnownFileType = text.xcconfig; name = "Pods-DiberCourierUITests.debug.xcconfig"; path = "Pods/Target Support Files/Pods-DiberCourierUITests/Pods-DiberCourierUITests.debug.xcconfig"; sourceTree = "<group>"; };
		84974AB7D832F16CDD605436 /* Pods_DiberCourierUITests.framework */ = {isa = PBXFileReference; explicitFileType = wrapper.framework; includeInIndex = 0; path = Pods_DiberCourierUITests.framework; sourceTree = BUILT_PRODUCTS_DIR; };
		A31D0D251FCAC46C000D37F1 /* Order.storyboard */ = {isa = PBXFileReference; lastKnownFileType = file.storyboard; path = Order.storyboard; sourceTree = "<group>"; };
		A31D0D291FCACA85000D37F1 /* UINavigationController.swift */ = {isa = PBXFileReference; lastKnownFileType = sourcecode.swift; path = UINavigationController.swift; sourceTree = "<group>"; };
		A31D0D2C1FCB4740000D37F1 /* Request.swift */ = {isa = PBXFileReference; lastKnownFileType = sourcecode.swift; path = Request.swift; sourceTree = "<group>"; };
		A31F9DE21FB1A340008CD08A /* OrdersVC.swift */ = {isa = PBXFileReference; lastKnownFileType = sourcecode.swift; path = OrdersVC.swift; sourceTree = "<group>"; };
		A31F9DE41FB1A35C008CD08A /* OrdersTableVC.swift */ = {isa = PBXFileReference; lastKnownFileType = sourcecode.swift; path = OrdersTableVC.swift; sourceTree = "<group>"; };
		A31F9DE71FB1A387008CD08A /* OrderCell.swift */ = {isa = PBXFileReference; lastKnownFileType = sourcecode.swift; path = OrderCell.swift; sourceTree = "<group>"; };
		A31F9DE91FB1A3A4008CD08A /* OrderView.swift */ = {isa = PBXFileReference; lastKnownFileType = sourcecode.swift; path = OrderView.swift; sourceTree = "<group>"; };
		A31F9DEB1FB1A3C8008CD08A /* Address.swift */ = {isa = PBXFileReference; lastKnownFileType = sourcecode.swift; path = Address.swift; sourceTree = "<group>"; };
		A31F9DED1FB1A3E2008CD08A /* AddressView.swift */ = {isa = PBXFileReference; lastKnownFileType = sourcecode.swift; path = AddressView.swift; sourceTree = "<group>"; };
		A31F9DEF1FB1A416008CD08A /* DataManager.swift */ = {isa = PBXFileReference; lastKnownFileType = sourcecode.swift; path = DataManager.swift; sourceTree = "<group>"; };
		A31F9DF11FB1A446008CD08A /* Order.swift */ = {isa = PBXFileReference; lastKnownFileType = sourcecode.swift; path = Order.swift; sourceTree = "<group>"; };
		A31F9DF31FB1A5E5008CD08A /* OrderService.swift */ = {isa = PBXFileReference; lastKnownFileType = sourcecode.swift; path = OrderService.swift; sourceTree = "<group>"; };
		A31F9DF51FB1A60F008CD08A /* OrderEndpoint.swift */ = {isa = PBXFileReference; lastKnownFileType = sourcecode.swift; path = OrderEndpoint.swift; sourceTree = "<group>"; };
		A31F9DF71FB1AC4B008CD08A /* Orders.storyboard */ = {isa = PBXFileReference; lastKnownFileType = file.storyboard; path = Orders.storyboard; sourceTree = "<group>"; };
		A324C6E81FAF7A7600E0A02D /* DiberCourier.app */ = {isa = PBXFileReference; explicitFileType = wrapper.application; includeInIndex = 0; path = DiberCourier.app; sourceTree = BUILT_PRODUCTS_DIR; };
		A324C6EB1FAF7A7600E0A02D /* AppDelegate.swift */ = {isa = PBXFileReference; lastKnownFileType = sourcecode.swift; path = AppDelegate.swift; sourceTree = "<group>"; };
		A324C6F41FAF7A7600E0A02D /* Base */ = {isa = PBXFileReference; lastKnownFileType = file.storyboard; name = Base; path = Base.lproj/Main.storyboard; sourceTree = "<group>"; };
		A324C6F61FAF7A7600E0A02D /* Assets.xcassets */ = {isa = PBXFileReference; lastKnownFileType = folder.assetcatalog; path = Assets.xcassets; sourceTree = "<group>"; };
		A324C6F91FAF7A7600E0A02D /* Base */ = {isa = PBXFileReference; lastKnownFileType = file.storyboard; name = Base; path = Base.lproj/LaunchScreen.storyboard; sourceTree = "<group>"; };
		A324C6FB1FAF7A7600E0A02D /* Info.plist */ = {isa = PBXFileReference; lastKnownFileType = text.plist.xml; path = Info.plist; sourceTree = "<group>"; };
		A324C7001FAF7A7600E0A02D /* DiberCourierTests.xctest */ = {isa = PBXFileReference; explicitFileType = wrapper.cfbundle; includeInIndex = 0; path = DiberCourierTests.xctest; sourceTree = BUILT_PRODUCTS_DIR; };
		A324C7041FAF7A7600E0A02D /* DiberCourierTests.swift */ = {isa = PBXFileReference; lastKnownFileType = sourcecode.swift; path = DiberCourierTests.swift; sourceTree = "<group>"; };
		A324C7061FAF7A7600E0A02D /* Info.plist */ = {isa = PBXFileReference; lastKnownFileType = text.plist.xml; path = Info.plist; sourceTree = "<group>"; };
		A324C70B1FAF7A7600E0A02D /* DiberCourierUITests.xctest */ = {isa = PBXFileReference; explicitFileType = wrapper.cfbundle; includeInIndex = 0; path = DiberCourierUITests.xctest; sourceTree = BUILT_PRODUCTS_DIR; };
		A324C70F1FAF7A7600E0A02D /* DiberCourierUITests.swift */ = {isa = PBXFileReference; lastKnownFileType = sourcecode.swift; path = DiberCourierUITests.swift; sourceTree = "<group>"; };
		A324C7111FAF7A7600E0A02D /* Info.plist */ = {isa = PBXFileReference; lastKnownFileType = text.plist.xml; path = Info.plist; sourceTree = "<group>"; };
		A33AE34D1FB0734E00180661 /* en */ = {isa = PBXFileReference; lastKnownFileType = text.plist.strings; name = en; path = en.lproj/Localizable.strings; sourceTree = "<group>"; };
		A33AE34F1FB073A200180661 /* ru */ = {isa = PBXFileReference; lastKnownFileType = text.plist.strings; name = ru; path = ru.lproj/Main.strings; sourceTree = "<group>"; };
		A33AE3501FB073A200180661 /* ru */ = {isa = PBXFileReference; lastKnownFileType = text.plist.strings; name = ru; path = ru.lproj/LaunchScreen.strings; sourceTree = "<group>"; };
		A33AE3511FB073A200180661 /* ru */ = {isa = PBXFileReference; lastKnownFileType = text.plist.strings; name = ru; path = ru.lproj/Localizable.strings; sourceTree = "<group>"; };
		A33AE3521FB082FA00180661 /* MainNavigationVC.swift */ = {isa = PBXFileReference; lastKnownFileType = sourcecode.swift; path = MainNavigationVC.swift; sourceTree = "<group>"; };
		A33AE3541FB0835900180661 /* Login.storyboard */ = {isa = PBXFileReference; lastKnownFileType = file.storyboard; path = Login.storyboard; sourceTree = "<group>"; };
		A39A2C671FD467980014BD46 /* OrderRequestView.swift */ = {isa = PBXFileReference; lastKnownFileType = sourcecode.swift; path = OrderRequestView.swift; sourceTree = "<group>"; };
		A39A2C6A1FD469740014BD46 /* OrderDetailView.swift */ = {isa = PBXFileReference; lastKnownFileType = sourcecode.swift; path = OrderDetailView.swift; sourceTree = "<group>"; };
		A39A2C6C1FD4698F0014BD46 /* OrderPriceView.swift */ = {isa = PBXFileReference; lastKnownFileType = sourcecode.swift; path = OrderPriceView.swift; sourceTree = "<group>"; };
		A3A999A71FB086C800D63B35 /* LogManager.swift */ = {isa = PBXFileReference; lastKnownFileType = sourcecode.swift; path = LogManager.swift; sourceTree = "<group>"; };
		A3A999A91FB0871A00D63B35 /* PreferenceManager.swift */ = {isa = PBXFileReference; lastKnownFileType = sourcecode.swift; path = PreferenceManager.swift; sourceTree = "<group>"; };
		A3A999AB1FB0877100D63B35 /* NetworkManager.swift */ = {isa = PBXFileReference; lastKnownFileType = sourcecode.swift; path = NetworkManager.swift; sourceTree = "<group>"; };
		A3A999AD1FB0878800D63B35 /* OAuth2Handler.swift */ = {isa = PBXFileReference; lastKnownFileType = sourcecode.swift; path = OAuth2Handler.swift; sourceTree = "<group>"; };
		A3A999AF1FB0960A00D63B35 /* Constants.swift */ = {isa = PBXFileReference; lastKnownFileType = sourcecode.swift; path = Constants.swift; sourceTree = "<group>"; };
		A3A999B11FB0967B00D63B35 /* Endpoint.swift */ = {isa = PBXFileReference; lastKnownFileType = sourcecode.swift; path = Endpoint.swift; sourceTree = "<group>"; };
		A3A999B31FB0969B00D63B35 /* BaseEndpoint.swift */ = {isa = PBXFileReference; lastKnownFileType = sourcecode.swift; path = BaseEndpoint.swift; sourceTree = "<group>"; };
		A3A999B51FB096B700D63B35 /* AuthEndpoint.swift */ = {isa = PBXFileReference; lastKnownFileType = sourcecode.swift; path = AuthEndpoint.swift; sourceTree = "<group>"; };
		A3A999B71FB096DE00D63B35 /* AuthService.swift */ = {isa = PBXFileReference; lastKnownFileType = sourcecode.swift; path = AuthService.swift; sourceTree = "<group>"; };
		A3A999B91FB0970D00D63B35 /* AlertControllerHelper.swift */ = {isa = PBXFileReference; lastKnownFileType = sourcecode.swift; path = AlertControllerHelper.swift; sourceTree = "<group>"; };
		A3A999BB1FB0972400D63B35 /* Realm.swift */ = {isa = PBXFileReference; lastKnownFileType = sourcecode.swift; path = Realm.swift; sourceTree = "<group>"; };
		A3A999BD1FB0974100D63B35 /* WeakTimer.swift */ = {isa = PBXFileReference; lastKnownFileType = sourcecode.swift; path = WeakTimer.swift; sourceTree = "<group>"; };
		A3A999BF1FB0976800D63B35 /* User.swift */ = {isa = PBXFileReference; lastKnownFileType = sourcecode.swift; path = User.swift; sourceTree = "<group>"; };
		A3A999C11FB0977700D63B35 /* Role.swift */ = {isa = PBXFileReference; lastKnownFileType = sourcecode.swift; path = Role.swift; sourceTree = "<group>"; };
		A3A999C41FB0979500D63B35 /* RealmObject.swift */ = {isa = PBXFileReference; lastKnownFileType = sourcecode.swift; path = RealmObject.swift; sourceTree = "<group>"; };
		A3A999C61FB097F800D63B35 /* LoginVC.swift */ = {isa = PBXFileReference; lastKnownFileType = sourcecode.swift; path = LoginVC.swift; sourceTree = "<group>"; };
		A3A999C81FB09A4000D63B35 /* String.swift */ = {isa = PBXFileReference; lastKnownFileType = sourcecode.swift; path = String.swift; sourceTree = "<group>"; };
		A3A999CA1FB09A6300D63B35 /* UserService.swift */ = {isa = PBXFileReference; lastKnownFileType = sourcecode.swift; path = UserService.swift; sourceTree = "<group>"; };
		A3C491B91FB23E9F005574E7 /* OrderDetailVC.swift */ = {isa = PBXFileReference; lastKnownFileType = sourcecode.swift; path = OrderDetailVC.swift; sourceTree = "<group>"; };
		A5B77126902C968B6FD1C8CE /* Pods-DiberCourierTests.debug.xcconfig */ = {isa = PBXFileReference; includeInIndex = 1; lastKnownFileType = text.xcconfig; name = "Pods-DiberCourierTests.debug.xcconfig"; path = "Pods/Target Support Files/Pods-DiberCourierTests/Pods-DiberCourierTests.debug.xcconfig"; sourceTree = "<group>"; };
		FA33E920737A9A6AD35DD8C1 /* Pods-DiberCourierUITests.release.xcconfig */ = {isa = PBXFileReference; includeInIndex = 1; lastKnownFileType = text.xcconfig; name = "Pods-DiberCourierUITests.release.xcconfig"; path = "Pods/Target Support Files/Pods-DiberCourierUITests/Pods-DiberCourierUITests.release.xcconfig"; sourceTree = "<group>"; };
/* End PBXFileReference section */

/* Begin PBXFrameworksBuildPhase section */
		A324C6E51FAF7A7600E0A02D /* Frameworks */ = {
			isa = PBXFrameworksBuildPhase;
			buildActionMask = 2147483647;
			files = (
				E3E083162559C0944F5BA3A9 /* Pods_DiberCourier.framework in Frameworks */,
			);
			runOnlyForDeploymentPostprocessing = 0;
		};
		A324C6FD1FAF7A7600E0A02D /* Frameworks */ = {
			isa = PBXFrameworksBuildPhase;
			buildActionMask = 2147483647;
			files = (
				4BAD2B33CAFD0991D95AD315 /* Pods_DiberCourierTests.framework in Frameworks */,
			);
			runOnlyForDeploymentPostprocessing = 0;
		};
		A324C7081FAF7A7600E0A02D /* Frameworks */ = {
			isa = PBXFrameworksBuildPhase;
			buildActionMask = 2147483647;
			files = (
				6C10EFC69857044384D3C6DF /* Pods_DiberCourierUITests.framework in Frameworks */,
			);
			runOnlyForDeploymentPostprocessing = 0;
		};
/* End PBXFrameworksBuildPhase section */

/* Begin PBXGroup section */
		A31D0D2B1FCB4723000D37F1 /* DTO */ = {
			isa = PBXGroup;
			children = (
				A31D0D2C1FCB4740000D37F1 /* Request.swift */,
			);
			path = DTO;
			sourceTree = "<group>";
		};
		A31F9DE01FB1A2EA008CD08A /* CollectionVC */ = {
			isa = PBXGroup;
			children = (
				A31F9DE41FB1A35C008CD08A /* OrdersTableVC.swift */,
			);
			path = CollectionVC;
			sourceTree = "<group>";
		};
		A31F9DE61FB1A374008CD08A /* Cells */ = {
			isa = PBXGroup;
			children = (
				A31F9DE71FB1A387008CD08A /* OrderCell.swift */,
			);
			path = Cells;
			sourceTree = "<group>";
		};
		A324C6DF1FAF7A7600E0A02D = {
			isa = PBXGroup;
			children = (
				A324C6EA1FAF7A7600E0A02D /* DiberCourier */,
				A324C7031FAF7A7600E0A02D /* DiberCourierTests */,
				A324C70E1FAF7A7600E0A02D /* DiberCourierUITests */,
				A324C6E91FAF7A7600E0A02D /* Products */,
				ABA9CFCC3A6B7B2AFCBC0550 /* Pods */,
				B3B2A2DC10F4D6BD8F8ADB2C /* Frameworks */,
			);
			sourceTree = "<group>";
		};
		A324C6E91FAF7A7600E0A02D /* Products */ = {
			isa = PBXGroup;
			children = (
				A324C6E81FAF7A7600E0A02D /* DiberCourier.app */,
				A324C7001FAF7A7600E0A02D /* DiberCourierTests.xctest */,
				A324C70B1FAF7A7600E0A02D /* DiberCourierUITests.xctest */,
			);
			name = Products;
			sourceTree = "<group>";
		};
		A324C6EA1FAF7A7600E0A02D /* DiberCourier */ = {
			isa = PBXGroup;
			children = (
				A324C6EB1FAF7A7600E0A02D /* AppDelegate.swift */,
				A33AE33C1FB06E7F00180661 /* Classes */,
				A324C6F61FAF7A7600E0A02D /* Assets.xcassets */,
				A324C6FB1FAF7A7600E0A02D /* Info.plist */,
				A33AE34E1FB0734E00180661 /* Localizable.strings */,
			);
			path = DiberCourier;
			sourceTree = "<group>";
		};
		A324C7031FAF7A7600E0A02D /* DiberCourierTests */ = {
			isa = PBXGroup;
			children = (
				A324C7041FAF7A7600E0A02D /* DiberCourierTests.swift */,
				A324C7061FAF7A7600E0A02D /* Info.plist */,
			);
			path = DiberCourierTests;
			sourceTree = "<group>";
		};
		A324C70E1FAF7A7600E0A02D /* DiberCourierUITests */ = {
			isa = PBXGroup;
			children = (
				A324C70F1FAF7A7600E0A02D /* DiberCourierUITests.swift */,
				A324C7111FAF7A7600E0A02D /* Info.plist */,
			);
			path = DiberCourierUITests;
			sourceTree = "<group>";
		};
		A33AE33C1FB06E7F00180661 /* Classes */ = {
			isa = PBXGroup;
			children = (
				A33AE33D1FB06E8F00180661 /* Controllers */,
				A33AE33E1FB06E9A00180661 /* Interface */,
				A33AE3411FB06EDE00180661 /* Models */,
				A33AE3441FB06EF900180661 /* Network */,
				A33AE3451FB06EFD00180661 /* Managers */,
				A33AE3481FB06F1900180661 /* Utils */,
				A33AE3491FB06F1D00180661 /* Extensions */,
			);
			path = Classes;
			sourceTree = "<group>";
		};
		A33AE33D1FB06E8F00180661 /* Controllers */ = {
			isa = PBXGroup;
			children = (
				A31F9DE01FB1A2EA008CD08A /* CollectionVC */,
				A33AE3521FB082FA00180661 /* MainNavigationVC.swift */,
				A3A999C61FB097F800D63B35 /* LoginVC.swift */,
				A31F9DE21FB1A340008CD08A /* OrdersVC.swift */,
				A3C491B91FB23E9F005574E7 /* OrderDetailVC.swift */,
			);
			path = Controllers;
			sourceTree = "<group>";
		};
		A33AE33E1FB06E9A00180661 /* Interface */ = {
			isa = PBXGroup;
			children = (
				A33AE33F1FB06EB700180661 /* Storyboards */,
				A33AE3401FB06EC600180661 /* View */,
			);
			path = Interface;
			sourceTree = "<group>";
		};
		A33AE33F1FB06EB700180661 /* Storyboards */ = {
			isa = PBXGroup;
			children = (
				A324C6F31FAF7A7600E0A02D /* Main.storyboard */,
				A31F9DF71FB1AC4B008CD08A /* Orders.storyboard */,
				A31D0D251FCAC46C000D37F1 /* Order.storyboard */,
				A33AE3541FB0835900180661 /* Login.storyboard */,
				A324C6F81FAF7A7600E0A02D /* LaunchScreen.storyboard */,
			);
			path = Storyboards;
			sourceTree = "<group>";
		};
		A33AE3401FB06EC600180661 /* View */ = {
			isa = PBXGroup;
			children = (
				A39A2C691FD469640014BD46 /* Order */,
				A31F9DE61FB1A374008CD08A /* Cells */,
			);
			path = View;
			sourceTree = "<group>";
		};
		A33AE3411FB06EDE00180661 /* Models */ = {
			isa = PBXGroup;
			children = (
				A33AE3431FB06EF000180661 /* Realm */,
				A33AE3421FB06EED00180661 /* View */,
				A31D0D2B1FCB4723000D37F1 /* DTO */,
			);
			path = Models;
			sourceTree = "<group>";
		};
		A33AE3421FB06EED00180661 /* View */ = {
			isa = PBXGroup;
			children = (
				A31F9DE91FB1A3A4008CD08A /* OrderView.swift */,
				A31F9DED1FB1A3E2008CD08A /* AddressView.swift */,
			);
			path = View;
			sourceTree = "<group>";
		};
		A33AE3431FB06EF000180661 /* Realm */ = {
			isa = PBXGroup;
			children = (
				A3A999C31FB0978B00D63B35 /* Base */,
				A3A999BF1FB0976800D63B35 /* User.swift */,
				A3A999C11FB0977700D63B35 /* Role.swift */,
				A31F9DEB1FB1A3C8008CD08A /* Address.swift */,
				A31F9DF11FB1A446008CD08A /* Order.swift */,
			);
			path = Realm;
			sourceTree = "<group>";
		};
		A33AE3441FB06EF900180661 /* Network */ = {
			isa = PBXGroup;
			children = (
				A33AE3471FB06F0A00180661 /* Services */,
				A33AE3461FB06F0600180661 /* Api */,
				A3A999AB1FB0877100D63B35 /* NetworkManager.swift */,
				A3A999AD1FB0878800D63B35 /* OAuth2Handler.swift */,
			);
			path = Network;
			sourceTree = "<group>";
		};
		A33AE3451FB06EFD00180661 /* Managers */ = {
			isa = PBXGroup;
			children = (
				A3A999A71FB086C800D63B35 /* LogManager.swift */,
				A3A999A91FB0871A00D63B35 /* PreferenceManager.swift */,
				A31F9DEF1FB1A416008CD08A /* DataManager.swift */,
			);
			path = Managers;
			sourceTree = "<group>";
		};
		A33AE3461FB06F0600180661 /* Api */ = {
			isa = PBXGroup;
			children = (
				A3A999B11FB0967B00D63B35 /* Endpoint.swift */,
				A3A999B31FB0969B00D63B35 /* BaseEndpoint.swift */,
				A3A999B51FB096B700D63B35 /* AuthEndpoint.swift */,
				A31F9DF51FB1A60F008CD08A /* OrderEndpoint.swift */,
			);
			path = Api;
			sourceTree = "<group>";
		};
		A33AE3471FB06F0A00180661 /* Services */ = {
			isa = PBXGroup;
			children = (
				A3A999B71FB096DE00D63B35 /* AuthService.swift */,
				A3A999CA1FB09A6300D63B35 /* UserService.swift */,
				A31F9DF31FB1A5E5008CD08A /* OrderService.swift */,
			);
			path = Services;
			sourceTree = "<group>";
		};
		A33AE3481FB06F1900180661 /* Utils */ = {
			isa = PBXGroup;
			children = (
				A3A999AF1FB0960A00D63B35 /* Constants.swift */,
				A3A999B91FB0970D00D63B35 /* AlertControllerHelper.swift */,
				A3A999BD1FB0974100D63B35 /* WeakTimer.swift */,
			);
			path = Utils;
			sourceTree = "<group>";
		};
		A33AE3491FB06F1D00180661 /* Extensions */ = {
			isa = PBXGroup;
			children = (
				A3A999BB1FB0972400D63B35 /* Realm.swift */,
				A3A999C81FB09A4000D63B35 /* String.swift */,
				A31D0D291FCACA85000D37F1 /* UINavigationController.swift */,
			);
			path = Extensions;
			sourceTree = "<group>";
		};
		A39A2C691FD469640014BD46 /* Order */ = {
			isa = PBXGroup;
			children = (
				A39A2C671FD467980014BD46 /* OrderRequestView.swift */,
				A39A2C6A1FD469740014BD46 /* OrderDetailView.swift */,
				A39A2C6C1FD4698F0014BD46 /* OrderPriceView.swift */,
			);
			path = Order;
			sourceTree = "<group>";
		};
		A3A999C31FB0978B00D63B35 /* Base */ = {
			isa = PBXGroup;
			children = (
				A3A999C41FB0979500D63B35 /* RealmObject.swift */,
			);
			path = Base;
			sourceTree = "<group>";
		};
		ABA9CFCC3A6B7B2AFCBC0550 /* Pods */ = {
			isa = PBXGroup;
			children = (
				0C165853BC27692EC68FB165 /* Pods-DiberCourier.debug.xcconfig */,
				663239832AEFF3FC4F32909B /* Pods-DiberCourier.release.xcconfig */,
				A5B77126902C968B6FD1C8CE /* Pods-DiberCourierTests.debug.xcconfig */,
				4118556A2229F73056D75BAF /* Pods-DiberCourierTests.release.xcconfig */,
				70982E64E82C5378C079FA27 /* Pods-DiberCourierUITests.debug.xcconfig */,
				FA33E920737A9A6AD35DD8C1 /* Pods-DiberCourierUITests.release.xcconfig */,
			);
			name = Pods;
			sourceTree = "<group>";
		};
		B3B2A2DC10F4D6BD8F8ADB2C /* Frameworks */ = {
			isa = PBXGroup;
			children = (
				22BB98A140006C42A4467F76 /* Pods_DiberCourier.framework */,
				1DD8029E31BD423249DE7B22 /* Pods_DiberCourierTests.framework */,
				84974AB7D832F16CDD605436 /* Pods_DiberCourierUITests.framework */,
			);
			name = Frameworks;
			sourceTree = "<group>";
		};
/* End PBXGroup section */

/* Begin PBXNativeTarget section */
		A324C6E71FAF7A7600E0A02D /* DiberCourier */ = {
			isa = PBXNativeTarget;
			buildConfigurationList = A324C7141FAF7A7600E0A02D /* Build configuration list for PBXNativeTarget "DiberCourier" */;
			buildPhases = (
				FBBC78608383A1D93A24127B /* [CP] Check Pods Manifest.lock */,
				A324C6E41FAF7A7600E0A02D /* Sources */,
				A324C6E51FAF7A7600E0A02D /* Frameworks */,
				A324C6E61FAF7A7600E0A02D /* Resources */,
				5EA4681466C71180B5803939 /* [CP] Embed Pods Frameworks */,
				E612C1B5A3B4556D1DA5E25B /* [CP] Copy Pods Resources */,
			);
			buildRules = (
			);
			dependencies = (
			);
			name = DiberCourier;
			productName = DiberCourier;
			productReference = A324C6E81FAF7A7600E0A02D /* DiberCourier.app */;
			productType = "com.apple.product-type.application";
		};
		A324C6FF1FAF7A7600E0A02D /* DiberCourierTests */ = {
			isa = PBXNativeTarget;
			buildConfigurationList = A324C7171FAF7A7600E0A02D /* Build configuration list for PBXNativeTarget "DiberCourierTests" */;
			buildPhases = (
				99FE2BE66694104FE646E702 /* [CP] Check Pods Manifest.lock */,
				A324C6FC1FAF7A7600E0A02D /* Sources */,
				A324C6FD1FAF7A7600E0A02D /* Frameworks */,
				A324C6FE1FAF7A7600E0A02D /* Resources */,
				B3E593EBC3467B2F8BE5B34E /* [CP] Embed Pods Frameworks */,
				840700B105E4DF9985414B72 /* [CP] Copy Pods Resources */,
			);
			buildRules = (
			);
			dependencies = (
				A324C7021FAF7A7600E0A02D /* PBXTargetDependency */,
			);
			name = DiberCourierTests;
			productName = DiberCourierTests;
			productReference = A324C7001FAF7A7600E0A02D /* DiberCourierTests.xctest */;
			productType = "com.apple.product-type.bundle.unit-test";
		};
		A324C70A1FAF7A7600E0A02D /* DiberCourierUITests */ = {
			isa = PBXNativeTarget;
			buildConfigurationList = A324C71A1FAF7A7600E0A02D /* Build configuration list for PBXNativeTarget "DiberCourierUITests" */;
			buildPhases = (
				1BFEDB3A653A7A2DCEFE990B /* [CP] Check Pods Manifest.lock */,
				A324C7071FAF7A7600E0A02D /* Sources */,
				A324C7081FAF7A7600E0A02D /* Frameworks */,
				A324C7091FAF7A7600E0A02D /* Resources */,
				F09C3666D174A961BDD9A3ED /* [CP] Embed Pods Frameworks */,
				4FE1AD46A1855877DBE83906 /* [CP] Copy Pods Resources */,
			);
			buildRules = (
			);
			dependencies = (
				A324C70D1FAF7A7600E0A02D /* PBXTargetDependency */,
			);
			name = DiberCourierUITests;
			productName = DiberCourierUITests;
			productReference = A324C70B1FAF7A7600E0A02D /* DiberCourierUITests.xctest */;
			productType = "com.apple.product-type.bundle.ui-testing";
		};
/* End PBXNativeTarget section */

/* Begin PBXProject section */
		A324C6E01FAF7A7600E0A02D /* Project object */ = {
			isa = PBXProject;
			attributes = {
				LastSwiftUpdateCheck = 0900;
				LastUpgradeCheck = 0900;
				ORGANIZATIONNAME = Diber;
				TargetAttributes = {
					A324C6E71FAF7A7600E0A02D = {
						CreatedOnToolsVersion = 9.0;
						ProvisioningStyle = Automatic;
					};
					A324C6FF1FAF7A7600E0A02D = {
						CreatedOnToolsVersion = 9.0;
						ProvisioningStyle = Automatic;
						TestTargetID = A324C6E71FAF7A7600E0A02D;
					};
					A324C70A1FAF7A7600E0A02D = {
						CreatedOnToolsVersion = 9.0;
						ProvisioningStyle = Automatic;
						TestTargetID = A324C6E71FAF7A7600E0A02D;
					};
				};
			};
			buildConfigurationList = A324C6E31FAF7A7600E0A02D /* Build configuration list for PBXProject "DiberCourier" */;
			compatibilityVersion = "Xcode 8.0";
			developmentRegion = en;
			hasScannedForEncodings = 0;
			knownRegions = (
				en,
				Base,
				ru,
			);
			mainGroup = A324C6DF1FAF7A7600E0A02D;
			productRefGroup = A324C6E91FAF7A7600E0A02D /* Products */;
			projectDirPath = "";
			projectRoot = "";
			targets = (
				A324C6E71FAF7A7600E0A02D /* DiberCourier */,
				A324C6FF1FAF7A7600E0A02D /* DiberCourierTests */,
				A324C70A1FAF7A7600E0A02D /* DiberCourierUITests */,
			);
		};
/* End PBXProject section */

/* Begin PBXResourcesBuildPhase section */
		A324C6E61FAF7A7600E0A02D /* Resources */ = {
			isa = PBXResourcesBuildPhase;
			buildActionMask = 2147483647;
			files = (
				A324C6FA1FAF7A7600E0A02D /* LaunchScreen.storyboard in Resources */,
				A31F9DF81FB1AC4B008CD08A /* Orders.storyboard in Resources */,
				A33AE34C1FB0734E00180661 /* Localizable.strings in Resources */,
				A324C6F71FAF7A7600E0A02D /* Assets.xcassets in Resources */,
				A31D0D261FCAC46C000D37F1 /* Order.storyboard in Resources */,
				A33AE3551FB0835900180661 /* Login.storyboard in Resources */,
				A324C6F51FAF7A7600E0A02D /* Main.storyboard in Resources */,
			);
			runOnlyForDeploymentPostprocessing = 0;
		};
		A324C6FE1FAF7A7600E0A02D /* Resources */ = {
			isa = PBXResourcesBuildPhase;
			buildActionMask = 2147483647;
			files = (
			);
			runOnlyForDeploymentPostprocessing = 0;
		};
		A324C7091FAF7A7600E0A02D /* Resources */ = {
			isa = PBXResourcesBuildPhase;
			buildActionMask = 2147483647;
			files = (
			);
			runOnlyForDeploymentPostprocessing = 0;
		};
/* End PBXResourcesBuildPhase section */

/* Begin PBXShellScriptBuildPhase section */
		1BFEDB3A653A7A2DCEFE990B /* [CP] Check Pods Manifest.lock */ = {
			isa = PBXShellScriptBuildPhase;
			buildActionMask = 2147483647;
			files = (
			);
			inputPaths = (
				"${PODS_PODFILE_DIR_PATH}/Podfile.lock",
				"${PODS_ROOT}/Manifest.lock",
			);
			name = "[CP] Check Pods Manifest.lock";
			outputPaths = (
				"$(DERIVED_FILE_DIR)/Pods-DiberCourierUITests-checkManifestLockResult.txt",
			);
			runOnlyForDeploymentPostprocessing = 0;
			shellPath = /bin/sh;
			shellScript = "diff \"${PODS_PODFILE_DIR_PATH}/Podfile.lock\" \"${PODS_ROOT}/Manifest.lock\" > /dev/null\nif [ $? != 0 ] ; then\n    # print error to STDERR\n    echo \"error: The sandbox is not in sync with the Podfile.lock. Run 'pod install' or update your CocoaPods installation.\" >&2\n    exit 1\nfi\n# This output is used by Xcode 'outputs' to avoid re-running this script phase.\necho \"SUCCESS\" > \"${SCRIPT_OUTPUT_FILE_0}\"\n";
			showEnvVarsInLog = 0;
		};
		4FE1AD46A1855877DBE83906 /* [CP] Copy Pods Resources */ = {
			isa = PBXShellScriptBuildPhase;
			buildActionMask = 2147483647;
			files = (
			);
			inputPaths = (
			);
			name = "[CP] Copy Pods Resources";
			outputPaths = (
			);
			runOnlyForDeploymentPostprocessing = 0;
			shellPath = /bin/sh;
			shellScript = "\"${SRCROOT}/Pods/Target Support Files/Pods-DiberCourierUITests/Pods-DiberCourierUITests-resources.sh\"\n";
			showEnvVarsInLog = 0;
		};
		5EA4681466C71180B5803939 /* [CP] Embed Pods Frameworks */ = {
			isa = PBXShellScriptBuildPhase;
			buildActionMask = 2147483647;
			files = (
			);
			inputPaths = (
				"${SRCROOT}/Pods/Target Support Files/Pods-DiberCourier/Pods-DiberCourier-frameworks.sh",
				"${BUILT_PRODUCTS_DIR}/Alamofire/Alamofire.framework",
				"${BUILT_PRODUCTS_DIR}/AsyncSwift/Async.framework",
				"${BUILT_PRODUCTS_DIR}/EXPLogger/EXPLogger.framework",
				"${BUILT_PRODUCTS_DIR}/Localize-Swift/Localize_Swift.framework",
				"${BUILT_PRODUCTS_DIR}/MBProgressHUD/MBProgressHUD.framework",
				"${BUILT_PRODUCTS_DIR}/ReachabilitySwift/ReachabilitySwift.framework",
				"${BUILT_PRODUCTS_DIR}/Realm/Realm.framework",
				"${BUILT_PRODUCTS_DIR}/RealmSwift/RealmSwift.framework",
			);
			name = "[CP] Embed Pods Frameworks";
			outputPaths = (
				"${TARGET_BUILD_DIR}/${FRAMEWORKS_FOLDER_PATH}/Alamofire.framework",
				"${TARGET_BUILD_DIR}/${FRAMEWORKS_FOLDER_PATH}/Async.framework",
				"${TARGET_BUILD_DIR}/${FRAMEWORKS_FOLDER_PATH}/EXPLogger.framework",
				"${TARGET_BUILD_DIR}/${FRAMEWORKS_FOLDER_PATH}/Localize_Swift.framework",
				"${TARGET_BUILD_DIR}/${FRAMEWORKS_FOLDER_PATH}/MBProgressHUD.framework",
				"${TARGET_BUILD_DIR}/${FRAMEWORKS_FOLDER_PATH}/ReachabilitySwift.framework",
				"${TARGET_BUILD_DIR}/${FRAMEWORKS_FOLDER_PATH}/Realm.framework",
				"${TARGET_BUILD_DIR}/${FRAMEWORKS_FOLDER_PATH}/RealmSwift.framework",
			);
			runOnlyForDeploymentPostprocessing = 0;
			shellPath = /bin/sh;
			shellScript = "\"${SRCROOT}/Pods/Target Support Files/Pods-DiberCourier/Pods-DiberCourier-frameworks.sh\"\n";
			showEnvVarsInLog = 0;
		};
		840700B105E4DF9985414B72 /* [CP] Copy Pods Resources */ = {
			isa = PBXShellScriptBuildPhase;
			buildActionMask = 2147483647;
			files = (
			);
			inputPaths = (
			);
			name = "[CP] Copy Pods Resources";
			outputPaths = (
			);
			runOnlyForDeploymentPostprocessing = 0;
			shellPath = /bin/sh;
			shellScript = "\"${SRCROOT}/Pods/Target Support Files/Pods-DiberCourierTests/Pods-DiberCourierTests-resources.sh\"\n";
			showEnvVarsInLog = 0;
		};
		99FE2BE66694104FE646E702 /* [CP] Check Pods Manifest.lock */ = {
			isa = PBXShellScriptBuildPhase;
			buildActionMask = 2147483647;
			files = (
			);
			inputPaths = (
				"${PODS_PODFILE_DIR_PATH}/Podfile.lock",
				"${PODS_ROOT}/Manifest.lock",
			);
			name = "[CP] Check Pods Manifest.lock";
			outputPaths = (
				"$(DERIVED_FILE_DIR)/Pods-DiberCourierTests-checkManifestLockResult.txt",
			);
			runOnlyForDeploymentPostprocessing = 0;
			shellPath = /bin/sh;
			shellScript = "diff \"${PODS_PODFILE_DIR_PATH}/Podfile.lock\" \"${PODS_ROOT}/Manifest.lock\" > /dev/null\nif [ $? != 0 ] ; then\n    # print error to STDERR\n    echo \"error: The sandbox is not in sync with the Podfile.lock. Run 'pod install' or update your CocoaPods installation.\" >&2\n    exit 1\nfi\n# This output is used by Xcode 'outputs' to avoid re-running this script phase.\necho \"SUCCESS\" > \"${SCRIPT_OUTPUT_FILE_0}\"\n";
			showEnvVarsInLog = 0;
		};
		B3E593EBC3467B2F8BE5B34E /* [CP] Embed Pods Frameworks */ = {
			isa = PBXShellScriptBuildPhase;
			buildActionMask = 2147483647;
			files = (
			);
			inputPaths = (
			);
			name = "[CP] Embed Pods Frameworks";
			outputPaths = (
			);
			runOnlyForDeploymentPostprocessing = 0;
			shellPath = /bin/sh;
			shellScript = "\"${SRCROOT}/Pods/Target Support Files/Pods-DiberCourierTests/Pods-DiberCourierTests-frameworks.sh\"\n";
			showEnvVarsInLog = 0;
		};
		E612C1B5A3B4556D1DA5E25B /* [CP] Copy Pods Resources */ = {
			isa = PBXShellScriptBuildPhase;
			buildActionMask = 2147483647;
			files = (
			);
			inputPaths = (
			);
			name = "[CP] Copy Pods Resources";
			outputPaths = (
			);
			runOnlyForDeploymentPostprocessing = 0;
			shellPath = /bin/sh;
			shellScript = "\"${SRCROOT}/Pods/Target Support Files/Pods-DiberCourier/Pods-DiberCourier-resources.sh\"\n";
			showEnvVarsInLog = 0;
		};
		F09C3666D174A961BDD9A3ED /* [CP] Embed Pods Frameworks */ = {
			isa = PBXShellScriptBuildPhase;
			buildActionMask = 2147483647;
			files = (
			);
			inputPaths = (
			);
			name = "[CP] Embed Pods Frameworks";
			outputPaths = (
			);
			runOnlyForDeploymentPostprocessing = 0;
			shellPath = /bin/sh;
			shellScript = "\"${SRCROOT}/Pods/Target Support Files/Pods-DiberCourierUITests/Pods-DiberCourierUITests-frameworks.sh\"\n";
			showEnvVarsInLog = 0;
		};
		FBBC78608383A1D93A24127B /* [CP] Check Pods Manifest.lock */ = {
			isa = PBXShellScriptBuildPhase;
			buildActionMask = 2147483647;
			files = (
			);
			inputPaths = (
				"${PODS_PODFILE_DIR_PATH}/Podfile.lock",
				"${PODS_ROOT}/Manifest.lock",
			);
			name = "[CP] Check Pods Manifest.lock";
			outputPaths = (
				"$(DERIVED_FILE_DIR)/Pods-DiberCourier-checkManifestLockResult.txt",
			);
			runOnlyForDeploymentPostprocessing = 0;
			shellPath = /bin/sh;
			shellScript = "diff \"${PODS_PODFILE_DIR_PATH}/Podfile.lock\" \"${PODS_ROOT}/Manifest.lock\" > /dev/null\nif [ $? != 0 ] ; then\n    # print error to STDERR\n    echo \"error: The sandbox is not in sync with the Podfile.lock. Run 'pod install' or update your CocoaPods installation.\" >&2\n    exit 1\nfi\n# This output is used by Xcode 'outputs' to avoid re-running this script phase.\necho \"SUCCESS\" > \"${SCRIPT_OUTPUT_FILE_0}\"\n";
			showEnvVarsInLog = 0;
		};
/* End PBXShellScriptBuildPhase section */

/* Begin PBXSourcesBuildPhase section */
		A324C6E41FAF7A7600E0A02D /* Sources */ = {
			isa = PBXSourcesBuildPhase;
			buildActionMask = 2147483647;
			files = (
				A31F9DE51FB1A35C008CD08A /* OrdersTableVC.swift in Sources */,
				A3A999C91FB09A4000D63B35 /* String.swift in Sources */,
				A3A999AA1FB0871A00D63B35 /* PreferenceManager.swift in Sources */,
				A3A999A81FB086C800D63B35 /* LogManager.swift in Sources */,
				A31D0D2D1FCB4740000D37F1 /* Request.swift in Sources */,
				A3A999B21FB0967B00D63B35 /* Endpoint.swift in Sources */,
				A31F9DE31FB1A340008CD08A /* OrdersVC.swift in Sources */,
				A31F9DF21FB1A446008CD08A /* Order.swift in Sources */,
				A3A999AC1FB0877100D63B35 /* NetworkManager.swift in Sources */,
				A3A999B41FB0969B00D63B35 /* BaseEndpoint.swift in Sources */,
				A31D0D2A1FCACA85000D37F1 /* UINavigationController.swift in Sources */,
				A3A999B81FB096DE00D63B35 /* AuthService.swift in Sources */,
				A31F9DEC1FB1A3C8008CD08A /* Address.swift in Sources */,
				A31F9DF41FB1A5E5008CD08A /* OrderService.swift in Sources */,
				A31F9DEA1FB1A3A4008CD08A /* OrderView.swift in Sources */,
				A3A999C51FB0979500D63B35 /* RealmObject.swift in Sources */,
				A3A999BC1FB0972400D63B35 /* Realm.swift in Sources */,
				A31F9DEE1FB1A3E2008CD08A /* AddressView.swift in Sources */,
				A3A999C21FB0977700D63B35 /* Role.swift in Sources */,
				A39A2C6B1FD469740014BD46 /* OrderDetailView.swift in Sources */,
				A39A2C681FD467980014BD46 /* OrderRequestView.swift in Sources */,
				A39A2C6D1FD4698F0014BD46 /* OrderPriceView.swift in Sources */,
				A31F9DE81FB1A387008CD08A /* OrderCell.swift in Sources */,
				A3A999BE1FB0974100D63B35 /* WeakTimer.swift in Sources */,
				A3A999C01FB0976800D63B35 /* User.swift in Sources */,
				A3A999BA1FB0970D00D63B35 /* AlertControllerHelper.swift in Sources */,
				A31F9DF61FB1A60F008CD08A /* OrderEndpoint.swift in Sources */,
				A3A999AE1FB0878800D63B35 /* OAuth2Handler.swift in Sources */,
				A3A999B01FB0960A00D63B35 /* Constants.swift in Sources */,
				A3A999C71FB097F800D63B35 /* LoginVC.swift in Sources */,
				A3A999CB1FB09A6300D63B35 /* UserService.swift in Sources */,
				A33AE3531FB082FA00180661 /* MainNavigationVC.swift in Sources */,
				A3C491BA1FB23E9F005574E7 /* OrderDetailVC.swift in Sources */,
				A3A999B61FB096B700D63B35 /* AuthEndpoint.swift in Sources */,
				A31F9DF01FB1A416008CD08A /* DataManager.swift in Sources */,
				A324C6EC1FAF7A7600E0A02D /* AppDelegate.swift in Sources */,
			);
			runOnlyForDeploymentPostprocessing = 0;
		};
		A324C6FC1FAF7A7600E0A02D /* Sources */ = {
			isa = PBXSourcesBuildPhase;
			buildActionMask = 2147483647;
			files = (
				A324C7051FAF7A7600E0A02D /* DiberCourierTests.swift in Sources */,
			);
			runOnlyForDeploymentPostprocessing = 0;
		};
		A324C7071FAF7A7600E0A02D /* Sources */ = {
			isa = PBXSourcesBuildPhase;
			buildActionMask = 2147483647;
			files = (
				A324C7101FAF7A7600E0A02D /* DiberCourierUITests.swift in Sources */,
			);
			runOnlyForDeploymentPostprocessing = 0;
		};
/* End PBXSourcesBuildPhase section */

/* Begin PBXTargetDependency section */
		A324C7021FAF7A7600E0A02D /* PBXTargetDependency */ = {
			isa = PBXTargetDependency;
			target = A324C6E71FAF7A7600E0A02D /* DiberCourier */;
			targetProxy = A324C7011FAF7A7600E0A02D /* PBXContainerItemProxy */;
		};
		A324C70D1FAF7A7600E0A02D /* PBXTargetDependency */ = {
			isa = PBXTargetDependency;
			target = A324C6E71FAF7A7600E0A02D /* DiberCourier */;
			targetProxy = A324C70C1FAF7A7600E0A02D /* PBXContainerItemProxy */;
		};
/* End PBXTargetDependency section */

/* Begin PBXVariantGroup section */
		A324C6F31FAF7A7600E0A02D /* Main.storyboard */ = {
			isa = PBXVariantGroup;
			children = (
				A324C6F41FAF7A7600E0A02D /* Base */,
				A33AE34F1FB073A200180661 /* ru */,
			);
			name = Main.storyboard;
			sourceTree = "<group>";
		};
		A324C6F81FAF7A7600E0A02D /* LaunchScreen.storyboard */ = {
			isa = PBXVariantGroup;
			children = (
				A324C6F91FAF7A7600E0A02D /* Base */,
				A33AE3501FB073A200180661 /* ru */,
			);
			name = LaunchScreen.storyboard;
			sourceTree = "<group>";
		};
		A33AE34E1FB0734E00180661 /* Localizable.strings */ = {
			isa = PBXVariantGroup;
			children = (
				A33AE34D1FB0734E00180661 /* en */,
				A33AE3511FB073A200180661 /* ru */,
			);
			name = Localizable.strings;
			sourceTree = "<group>";
		};
/* End PBXVariantGroup section */

/* Begin XCBuildConfiguration section */
		A324C7121FAF7A7600E0A02D /* Debug */ = {
			isa = XCBuildConfiguration;
			buildSettings = {
				ALWAYS_SEARCH_USER_PATHS = NO;
				CLANG_ANALYZER_LOCALIZABILITY_NONLOCALIZED = YES;
				CLANG_ANALYZER_NONNULL = YES;
				CLANG_ANALYZER_NUMBER_OBJECT_CONVERSION = YES_AGGRESSIVE;
				CLANG_CXX_LANGUAGE_STANDARD = "gnu++14";
				CLANG_CXX_LIBRARY = "libc++";
				CLANG_ENABLE_MODULES = YES;
				CLANG_ENABLE_OBJC_ARC = YES;
				CLANG_WARN_BLOCK_CAPTURE_AUTORELEASING = YES;
				CLANG_WARN_BOOL_CONVERSION = YES;
				CLANG_WARN_COMMA = YES;
				CLANG_WARN_CONSTANT_CONVERSION = YES;
				CLANG_WARN_DIRECT_OBJC_ISA_USAGE = YES_ERROR;
				CLANG_WARN_DOCUMENTATION_COMMENTS = YES;
				CLANG_WARN_EMPTY_BODY = YES;
				CLANG_WARN_ENUM_CONVERSION = YES;
				CLANG_WARN_INFINITE_RECURSION = YES;
				CLANG_WARN_INT_CONVERSION = YES;
				CLANG_WARN_NON_LITERAL_NULL_CONVERSION = YES;
				CLANG_WARN_OBJC_LITERAL_CONVERSION = YES;
				CLANG_WARN_OBJC_ROOT_CLASS = YES_ERROR;
				CLANG_WARN_RANGE_LOOP_ANALYSIS = YES;
				CLANG_WARN_STRICT_PROTOTYPES = YES;
				CLANG_WARN_SUSPICIOUS_MOVE = YES;
				CLANG_WARN_UNGUARDED_AVAILABILITY = YES_AGGRESSIVE;
				CLANG_WARN_UNREACHABLE_CODE = YES;
				CLANG_WARN__DUPLICATE_METHOD_MATCH = YES;
				CODE_SIGN_IDENTITY = "iPhone Developer";
				COPY_PHASE_STRIP = NO;
				DEBUG_INFORMATION_FORMAT = dwarf;
				ENABLE_STRICT_OBJC_MSGSEND = YES;
				ENABLE_TESTABILITY = YES;
				GCC_C_LANGUAGE_STANDARD = gnu11;
				GCC_DYNAMIC_NO_PIC = NO;
				GCC_NO_COMMON_BLOCKS = YES;
				GCC_OPTIMIZATION_LEVEL = 0;
				GCC_PREPROCESSOR_DEFINITIONS = (
					"DEBUG=1",
					"$(inherited)",
				);
				GCC_WARN_64_TO_32_BIT_CONVERSION = YES;
				GCC_WARN_ABOUT_RETURN_TYPE = YES_ERROR;
				GCC_WARN_UNDECLARED_SELECTOR = YES;
				GCC_WARN_UNINITIALIZED_AUTOS = YES_AGGRESSIVE;
				GCC_WARN_UNUSED_FUNCTION = YES;
				GCC_WARN_UNUSED_VARIABLE = YES;
				IPHONEOS_DEPLOYMENT_TARGET = 11.0;
				MTL_ENABLE_DEBUG_INFO = YES;
				ONLY_ACTIVE_ARCH = YES;
				SDKROOT = iphoneos;
				SWIFT_ACTIVE_COMPILATION_CONDITIONS = DEBUG;
				SWIFT_OPTIMIZATION_LEVEL = "-Onone";
			};
			name = Debug;
		};
		A324C7131FAF7A7600E0A02D /* Release */ = {
			isa = XCBuildConfiguration;
			buildSettings = {
				ALWAYS_SEARCH_USER_PATHS = NO;
				CLANG_ANALYZER_LOCALIZABILITY_NONLOCALIZED = YES;
				CLANG_ANALYZER_NONNULL = YES;
				CLANG_ANALYZER_NUMBER_OBJECT_CONVERSION = YES_AGGRESSIVE;
				CLANG_CXX_LANGUAGE_STANDARD = "gnu++14";
				CLANG_CXX_LIBRARY = "libc++";
				CLANG_ENABLE_MODULES = YES;
				CLANG_ENABLE_OBJC_ARC = YES;
				CLANG_WARN_BLOCK_CAPTURE_AUTORELEASING = YES;
				CLANG_WARN_BOOL_CONVERSION = YES;
				CLANG_WARN_COMMA = YES;
				CLANG_WARN_CONSTANT_CONVERSION = YES;
				CLANG_WARN_DIRECT_OBJC_ISA_USAGE = YES_ERROR;
				CLANG_WARN_DOCUMENTATION_COMMENTS = YES;
				CLANG_WARN_EMPTY_BODY = YES;
				CLANG_WARN_ENUM_CONVERSION = YES;
				CLANG_WARN_INFINITE_RECURSION = YES;
				CLANG_WARN_INT_CONVERSION = YES;
				CLANG_WARN_NON_LITERAL_NULL_CONVERSION = YES;
				CLANG_WARN_OBJC_LITERAL_CONVERSION = YES;
				CLANG_WARN_OBJC_ROOT_CLASS = YES_ERROR;
				CLANG_WARN_RANGE_LOOP_ANALYSIS = YES;
				CLANG_WARN_STRICT_PROTOTYPES = YES;
				CLANG_WARN_SUSPICIOUS_MOVE = YES;
				CLANG_WARN_UNGUARDED_AVAILABILITY = YES_AGGRESSIVE;
				CLANG_WARN_UNREACHABLE_CODE = YES;
				CLANG_WARN__DUPLICATE_METHOD_MATCH = YES;
				CODE_SIGN_IDENTITY = "iPhone Developer";
				COPY_PHASE_STRIP = NO;
				DEBUG_INFORMATION_FORMAT = "dwarf-with-dsym";
				ENABLE_NS_ASSERTIONS = NO;
				ENABLE_STRICT_OBJC_MSGSEND = YES;
				GCC_C_LANGUAGE_STANDARD = gnu11;
				GCC_NO_COMMON_BLOCKS = YES;
				GCC_WARN_64_TO_32_BIT_CONVERSION = YES;
				GCC_WARN_ABOUT_RETURN_TYPE = YES_ERROR;
				GCC_WARN_UNDECLARED_SELECTOR = YES;
				GCC_WARN_UNINITIALIZED_AUTOS = YES_AGGRESSIVE;
				GCC_WARN_UNUSED_FUNCTION = YES;
				GCC_WARN_UNUSED_VARIABLE = YES;
				IPHONEOS_DEPLOYMENT_TARGET = 11.0;
				MTL_ENABLE_DEBUG_INFO = NO;
				SDKROOT = iphoneos;
				SWIFT_OPTIMIZATION_LEVEL = "-Owholemodule";
				VALIDATE_PRODUCT = YES;
			};
			name = Release;
		};
		A324C7151FAF7A7600E0A02D /* Debug */ = {
			isa = XCBuildConfiguration;
			baseConfigurationReference = 0C165853BC27692EC68FB165 /* Pods-DiberCourier.debug.xcconfig */;
			buildSettings = {
				ASSETCATALOG_COMPILER_APPICON_NAME = AppIcon;
				CODE_SIGN_STYLE = Automatic;
				INFOPLIST_FILE = DiberCourier/Info.plist;
				LD_RUNPATH_SEARCH_PATHS = "$(inherited) @executable_path/Frameworks";
				PRODUCT_BUNDLE_IDENTIFIER = com.diber.DiberCourier;
				PRODUCT_NAME = "$(TARGET_NAME)";
				SWIFT_VERSION = 4.0;
				TARGETED_DEVICE_FAMILY = "1,2";
			};
			name = Debug;
		};
		A324C7161FAF7A7600E0A02D /* Release */ = {
			isa = XCBuildConfiguration;
			baseConfigurationReference = 663239832AEFF3FC4F32909B /* Pods-DiberCourier.release.xcconfig */;
			buildSettings = {
				ASSETCATALOG_COMPILER_APPICON_NAME = AppIcon;
				CODE_SIGN_STYLE = Automatic;
				INFOPLIST_FILE = DiberCourier/Info.plist;
				LD_RUNPATH_SEARCH_PATHS = "$(inherited) @executable_path/Frameworks";
				PRODUCT_BUNDLE_IDENTIFIER = com.diber.DiberCourier;
				PRODUCT_NAME = "$(TARGET_NAME)";
				SWIFT_VERSION = 4.0;
				TARGETED_DEVICE_FAMILY = "1,2";
			};
			name = Release;
		};
		A324C7181FAF7A7600E0A02D /* Debug */ = {
			isa = XCBuildConfiguration;
			baseConfigurationReference = A5B77126902C968B6FD1C8CE /* Pods-DiberCourierTests.debug.xcconfig */;
			buildSettings = {
				ALWAYS_EMBED_SWIFT_STANDARD_LIBRARIES = YES;
				BUNDLE_LOADER = "$(TEST_HOST)";
				CODE_SIGN_STYLE = Automatic;
				INFOPLIST_FILE = DiberCourierTests/Info.plist;
				LD_RUNPATH_SEARCH_PATHS = "$(inherited) @executable_path/Frameworks @loader_path/Frameworks";
				PRODUCT_BUNDLE_IDENTIFIER = com.diber.DiberCourierTests;
				PRODUCT_NAME = "$(TARGET_NAME)";
				SWIFT_VERSION = 4.0;
				TARGETED_DEVICE_FAMILY = "1,2";
				TEST_HOST = "$(BUILT_PRODUCTS_DIR)/DiberCourier.app/DiberCourier";
			};
			name = Debug;
		};
		A324C7191FAF7A7600E0A02D /* Release */ = {
			isa = XCBuildConfiguration;
			baseConfigurationReference = 4118556A2229F73056D75BAF /* Pods-DiberCourierTests.release.xcconfig */;
			buildSettings = {
				ALWAYS_EMBED_SWIFT_STANDARD_LIBRARIES = YES;
				BUNDLE_LOADER = "$(TEST_HOST)";
				CODE_SIGN_STYLE = Automatic;
				INFOPLIST_FILE = DiberCourierTests/Info.plist;
				LD_RUNPATH_SEARCH_PATHS = "$(inherited) @executable_path/Frameworks @loader_path/Frameworks";
				PRODUCT_BUNDLE_IDENTIFIER = com.diber.DiberCourierTests;
				PRODUCT_NAME = "$(TARGET_NAME)";
				SWIFT_VERSION = 4.0;
				TARGETED_DEVICE_FAMILY = "1,2";
				TEST_HOST = "$(BUILT_PRODUCTS_DIR)/DiberCourier.app/DiberCourier";
			};
			name = Release;
		};
		A324C71B1FAF7A7600E0A02D /* Debug */ = {
			isa = XCBuildConfiguration;
			baseConfigurationReference = 70982E64E82C5378C079FA27 /* Pods-DiberCourierUITests.debug.xcconfig */;
			buildSettings = {
				ALWAYS_EMBED_SWIFT_STANDARD_LIBRARIES = YES;
				CODE_SIGN_STYLE = Automatic;
				INFOPLIST_FILE = DiberCourierUITests/Info.plist;
				LD_RUNPATH_SEARCH_PATHS = "$(inherited) @executable_path/Frameworks @loader_path/Frameworks";
				PRODUCT_BUNDLE_IDENTIFIER = com.diber.DiberCourierUITests;
				PRODUCT_NAME = "$(TARGET_NAME)";
				SWIFT_VERSION = 4.0;
				TARGETED_DEVICE_FAMILY = "1,2";
				TEST_TARGET_NAME = DiberCourier;
			};
			name = Debug;
		};
		A324C71C1FAF7A7600E0A02D /* Release */ = {
			isa = XCBuildConfiguration;
			baseConfigurationReference = FA33E920737A9A6AD35DD8C1 /* Pods-DiberCourierUITests.release.xcconfig */;
			buildSettings = {
				ALWAYS_EMBED_SWIFT_STANDARD_LIBRARIES = YES;
				CODE_SIGN_STYLE = Automatic;
				INFOPLIST_FILE = DiberCourierUITests/Info.plist;
				LD_RUNPATH_SEARCH_PATHS = "$(inherited) @executable_path/Frameworks @loader_path/Frameworks";
				PRODUCT_BUNDLE_IDENTIFIER = com.diber.DiberCourierUITests;
				PRODUCT_NAME = "$(TARGET_NAME)";
				SWIFT_VERSION = 4.0;
				TARGETED_DEVICE_FAMILY = "1,2";
				TEST_TARGET_NAME = DiberCourier;
			};
			name = Release;
		};
/* End XCBuildConfiguration section */

/* Begin XCConfigurationList section */
		A324C6E31FAF7A7600E0A02D /* Build configuration list for PBXProject "DiberCourier" */ = {
			isa = XCConfigurationList;
			buildConfigurations = (
				A324C7121FAF7A7600E0A02D /* Debug */,
				A324C7131FAF7A7600E0A02D /* Release */,
			);
			defaultConfigurationIsVisible = 0;
			defaultConfigurationName = Release;
		};
		A324C7141FAF7A7600E0A02D /* Build configuration list for PBXNativeTarget "DiberCourier" */ = {
			isa = XCConfigurationList;
			buildConfigurations = (
				A324C7151FAF7A7600E0A02D /* Debug */,
				A324C7161FAF7A7600E0A02D /* Release */,
			);
			defaultConfigurationIsVisible = 0;
			defaultConfigurationName = Release;
		};
		A324C7171FAF7A7600E0A02D /* Build configuration list for PBXNativeTarget "DiberCourierTests" */ = {
			isa = XCConfigurationList;
			buildConfigurations = (
				A324C7181FAF7A7600E0A02D /* Debug */,
				A324C7191FAF7A7600E0A02D /* Release */,
			);
			defaultConfigurationIsVisible = 0;
			defaultConfigurationName = Release;
		};
		A324C71A1FAF7A7600E0A02D /* Build configuration list for PBXNativeTarget "DiberCourierUITests" */ = {
			isa = XCConfigurationList;
			buildConfigurations = (
				A324C71B1FAF7A7600E0A02D /* Debug */,
				A324C71C1FAF7A7600E0A02D /* Release */,
			);
			defaultConfigurationIsVisible = 0;
			defaultConfigurationName = Release;
		};
/* End XCConfigurationList section */
	};
	rootObject = A324C6E01FAF7A7600E0A02D /* Project object */;
}
